
Microsoft Visual Studio Solution File, Format Version 12.00
# Visual Studio 2012
Project("{FAE04EC0-301F-11D3-BF4B-00C04F79EFBC}") = "D3ArmoryTest", "D3ArmoryTest\D3ArmoryTest.csproj", "{F65DA805-871D-4C77-9028-971541A149CB}"
EndProject
Global
	GlobalSection(SolutionConfigurationPlatforms) = preSolution
		Debug|Any CPU = Debug|Any CPU
		Release|Any CPU = Release|Any CPU
	EndGlobalSection
	GlobalSection(ProjectConfigurationPlatforms) = postSolution
		{F65DA805-871D-4C77-9028-971541A149CB}.Debug|Any CPU.ActiveCfg = Debug|Any CPU
		{F65DA805-871D-4C77-9028-971541A149CB}.Debug|Any CPU.Build.0 = Debug|Any CPU
		{F65DA805-871D-4C77-9028-971541A149CB}.Release|Any CPU.ActiveCfg = Release|Any CPU
		{F65DA805-871D-4C77-9028-971541A149CB}.Release|Any CPU.Build.0 = Release|Any CPU
	EndGlobalSection
	GlobalSection(SolutionProperties) = preSolution
		HideSolutionNode = FALSE
	EndGlobalSection
EndGlobal
